
Microsoft Visual Studio Solution File, Format Version 12.00
# Visual Studio 15
VisualStudioVersion = 15.0.28307.168
MinimumVisualStudioVersion = 10.0.40219.1
Project("{FAE04EC0-301F-11D3-BF4B-00C04F79EFBC}") = "Digitalware.Apps.Utilities.Fa", "Digitalware.Apps.Utilities.Fa.csproj", "{B00EFB19-DF1C-4165-9D82-E2506FED536C}"
EndProject
Global
	GlobalSection(SolutionConfigurationPlatforms) = preSolution
		Debug|Any CPU = Debug|Any CPU
		Release|Any CPU = Release|Any CPU
	EndGlobalSection
	GlobalSection(ProjectConfigurationPlatforms) = postSolution
		{B00EFB19-DF1C-4165-9D82-E2506FED536C}.Debug|Any CPU.ActiveCfg = Debug|Any CPU
		{B00EFB19-DF1C-4165-9D82-E2506FED536C}.Debug|Any CPU.Build.0 = Debug|Any CPU
		{B00EFB19-DF1C-4165-9D82-E2506FED536C}.Release|Any CPU.ActiveCfg = Release|Any CPU
		{B00EFB19-DF1C-4165-9D82-E2506FED536C}.Release|Any CPU.Build.0 = Release|Any CPU
	EndGlobalSection
	GlobalSection(SolutionProperties) = preSolution
		HideSolutionNode = FALSE
	EndGlobalSection
	GlobalSection(ExtensibilityGlobals) = postSolution
		SolutionGuid = {D274FC79-9932-48F6-BF80-DB9798864A3C}
	EndGlobalSection
EndGlobal
